{
  "originHash" : "b96b55522d66efa3a8e157f64c45d62241b56fdd418b935baf33e1fcfb7467c7",
  "pins" : [
    {
      "identity" : "typesense-swift",
      "kind" : "remoteSourceControl",
      "location" : "https://github.com/typesense/typesense-swift",
      "state" : {
        "branch" : "master",
        "revision" : "dad237f75e9db1235941ed8eaacb9be114a4bf23"
      }
    }
  ],
  "version" : 3
}
